
Microsoft Visual Studio Solution File, Format Version 12.00
# Visual Studio Version 17
VisualStudioVersion = 17.5.002.0
MinimumVisualStudioVersion = 10.0.40219.1
Project("{2150E333-8FDC-42A3-9474-1A3956D46DE8}") = "src", "src", "{58FBD16A-FCC9-40C7-A04C-240391EC34CE}"
EndProject
Project("{9A19103F-16F7-4668-BE54-9A1E7A4F7556}") = "Library", "src\Library\Library.csproj", "{56A6D334-5784-45BF-92F9-6D89B5270F0C}"
EndProject
Project("{9A19103F-16F7-4668-BE54-9A1E7A4F7556}") = "Program", "src\Program\Program.csproj", "{85E84FF1-0B32-4FAC-AEBB-D27631DEBCF9}"
EndProject
Global
	GlobalSection(SolutionConfigurationPlatforms) = preSolution
		Debug|Any CPU = Debug|Any CPU
		Release|Any CPU = Release|Any CPU
	EndGlobalSection
	GlobalSection(ProjectConfigurationPlatforms) = postSolution
		{56A6D334-5784-45BF-92F9-6D89B5270F0C}.Debug|Any CPU.ActiveCfg = Debug|Any CPU
		{56A6D334-5784-45BF-92F9-6D89B5270F0C}.Debug|Any CPU.Build.0 = Debug|Any CPU
		{56A6D334-5784-45BF-92F9-6D89B5270F0C}.Release|Any CPU.ActiveCfg = Release|Any CPU
		{56A6D334-5784-45BF-92F9-6D89B5270F0C}.Release|Any CPU.Build.0 = Release|Any CPU
		{85E84FF1-0B32-4FAC-AEBB-D27631DEBCF9}.Debug|Any CPU.ActiveCfg = Debug|Any CPU
		{85E84FF1-0B32-4FAC-AEBB-D27631DEBCF9}.Debug|Any CPU.Build.0 = Debug|Any CPU
		{85E84FF1-0B32-4FAC-AEBB-D27631DEBCF9}.Release|Any CPU.ActiveCfg = Release|Any CPU
		{85E84FF1-0B32-4FAC-AEBB-D27631DEBCF9}.Release|Any CPU.Build.0 = Release|Any CPU
	EndGlobalSection
	GlobalSection(SolutionProperties) = preSolution
		HideSolutionNode = FALSE
	EndGlobalSection
	GlobalSection(NestedProjects) = preSolution
		{56A6D334-5784-45BF-92F9-6D89B5270F0C} = {58FBD16A-FCC9-40C7-A04C-240391EC34CE}
		{85E84FF1-0B32-4FAC-AEBB-D27631DEBCF9} = {58FBD16A-FCC9-40C7-A04C-240391EC34CE}
	EndGlobalSection
	GlobalSection(ExtensibilityGlobals) = postSolution
		SolutionGuid = {4CB0EEF8-DBA7-4B2C-A6A4-9C18AC05DE5E}
	EndGlobalSection
EndGlobal
